
Microsoft Visual Studio Solution File, Format Version 12.00
# Visual Studio Version 16
VisualStudioVersion = 16.0.30523.141
MinimumVisualStudioVersion = 10.0.40219.1
Project("{9A19103F-16F7-4668-BE54-9A1E7A4F7556}") = "DataAccess", "DataAccess\DataAccess.csproj", "{1607BAB6-BB79-4C2F-8EE2-A862D62D2CAC}"
EndProject
Project("{9A19103F-16F7-4668-BE54-9A1E7A4F7556}") = "Business", "Business\Business.csproj", "{AF939B5A-01A0-4731-BB57-9206DE10CC8F}"
EndProject
Project("{9A19103F-16F7-4668-BE54-9A1E7A4F7556}") = "Entities", "Entities\Entities.csproj", "{C0D8CDDA-E16E-4E40-971E-EE1FD1F9F6E8}"
EndProject
Project("{9A19103F-16F7-4668-BE54-9A1E7A4F7556}") = "ConsoleUI", "ConsoleUI\ConsoleUI.csproj", "{12292B3A-6025-411C-99E9-518938018C07}"
EndProject
Project("{9A19103F-16F7-4668-BE54-9A1E7A4F7556}") = "Core", "Core\Core.csproj", "{0B526E4B-289F-442F-9C32-C739C1B82D4B}"
EndProject
Project("{FAE04EC0-301F-11D3-BF4B-00C04F79EFBC}") = "WebAPI", "WebAPI\WebAPI.csproj", "{FFE5EB16-0097-48D0-8A9C-9D9405570BE5}"
EndProject
Global
	GlobalSection(SolutionConfigurationPlatforms) = preSolution
		Debug|Any CPU = Debug|Any CPU
		Release|Any CPU = Release|Any CPU
	EndGlobalSection
	GlobalSection(ProjectConfigurationPlatforms) = postSolution
		{1607BAB6-BB79-4C2F-8EE2-A862D62D2CAC}.Debug|Any CPU.ActiveCfg = Debug|Any CPU
		{1607BAB6-BB79-4C2F-8EE2-A862D62D2CAC}.Debug|Any CPU.Build.0 = Debug|Any CPU
		{1607BAB6-BB79-4C2F-8EE2-A862D62D2CAC}.Release|Any CPU.ActiveCfg = Release|Any CPU
		{1607BAB6-BB79-4C2F-8EE2-A862D62D2CAC}.Release|Any CPU.Build.0 = Release|Any CPU
		{AF939B5A-01A0-4731-BB57-9206DE10CC8F}.Debug|Any CPU.ActiveCfg = Debug|Any CPU
		{AF939B5A-01A0-4731-BB57-9206DE10CC8F}.Debug|Any CPU.Build.0 = Debug|Any CPU
		{AF939B5A-01A0-4731-BB57-9206DE10CC8F}.Release|Any CPU.ActiveCfg = Release|Any CPU
		{AF939B5A-01A0-4731-BB57-9206DE10CC8F}.Release|Any CPU.Build.0 = Release|Any CPU
		{C0D8CDDA-E16E-4E40-971E-EE1FD1F9F6E8}.Debug|Any CPU.ActiveCfg = Debug|Any CPU
		{C0D8CDDA-E16E-4E40-971E-EE1FD1F9F6E8}.Debug|Any CPU.Build.0 = Debug|Any CPU
		{C0D8CDDA-E16E-4E40-971E-EE1FD1F9F6E8}.Release|Any CPU.ActiveCfg = Release|Any CPU
		{C0D8CDDA-E16E-4E40-971E-EE1FD1F9F6E8}.Release|Any CPU.Build.0 = Release|Any CPU
		{12292B3A-6025-411C-99E9-518938018C07}.Debug|Any CPU.ActiveCfg = Debug|Any CPU
		{12292B3A-6025-411C-99E9-518938018C07}.Debug|Any CPU.Build.0 = Debug|Any CPU
		{12292B3A-6025-411C-99E9-518938018C07}.Release|Any CPU.ActiveCfg = Release|Any CPU
		{12292B3A-6025-411C-99E9-518938018C07}.Release|Any CPU.Build.0 = Release|Any CPU
		{0B526E4B-289F-442F-9C32-C739C1B82D4B}.Debug|Any CPU.ActiveCfg = Debug|Any CPU
		{0B526E4B-289F-442F-9C32-C739C1B82D4B}.Debug|Any CPU.Build.0 = Debug|Any CPU
		{0B526E4B-289F-442F-9C32-C739C1B82D4B}.Release|Any CPU.ActiveCfg = Release|Any CPU
		{0B526E4B-289F-442F-9C32-C739C1B82D4B}.Release|Any CPU.Build.0 = Release|Any CPU
		{FFE5EB16-0097-48D0-8A9C-9D9405570BE5}.Debug|Any CPU.ActiveCfg = Debug|Any CPU
		{FFE5EB16-0097-48D0-8A9C-9D9405570BE5}.Debug|Any CPU.Build.0 = Debug|Any CPU
		{FFE5EB16-0097-48D0-8A9C-9D9405570BE5}.Release|Any CPU.ActiveCfg = Release|Any CPU
		{FFE5EB16-0097-48D0-8A9C-9D9405570BE5}.Release|Any CPU.Build.0 = Release|Any CPU
	EndGlobalSection
	GlobalSection(SolutionProperties) = preSolution
		HideSolutionNode = FALSE
	EndGlobalSection
	GlobalSection(ExtensibilityGlobals) = postSolution
		SolutionGuid = {C6A03D87-FE0C-4B36-AA72-C45B0E7F32E8}
	EndGlobalSection
EndGlobal
